// !$*UTF8*$!
{
	archiveVersion = 1;
	classes = {
	};
	objectVersion = 55;
	objects = {

/* Begin PBXBuildFile section */
		121E13B82859B4600044B585 /* AppDelegate.swift in Sources */ = {isa = PBXBuildFile; fileRef = 121E13B72859B4600044B585 /* AppDelegate.swift */; };
		121E13BC2859B4600044B585 /* MainViewController.swift in Sources */ = {isa = PBXBuildFile; fileRef = 121E13BB2859B4600044B585 /* MainViewController.swift */; };
		121E13C22859B4600044B585 /* CollectionView_HW_14_iOS05.xcdatamodeld in Sources */ = {isa = PBXBuildFile; fileRef = 121E13C02859B4600044B585 /* CollectionView_HW_14_iOS05.xcdatamodeld */; };
		121E13C42859B4720044B585 /* Assets.xcassets in Resources */ = {isa = PBXBuildFile; fileRef = 121E13C32859B4720044B585 /* Assets.xcassets */; };
		121E13C72859B4720044B585 /* LaunchScreen.storyboard in Resources */ = {isa = PBXBuildFile; fileRef = 121E13C52859B4720044B585 /* LaunchScreen.storyboard */; };
		121E13D02859B9CF0044B585 /* Model.swift in Sources */ = {isa = PBXBuildFile; fileRef = 121E13CF2859B9CF0044B585 /* Model.swift */; };
		121E13DC2859FC180044B585 /* MediaController.swift in Sources */ = {isa = PBXBuildFile; fileRef = 121E13DB2859FC180044B585 /* MediaController.swift */; };
		121E13DE2859FC3D0044B585 /* OfferController.swift in Sources */ = {isa = PBXBuildFile; fileRef = 121E13DD2859FC3D0044B585 /* OfferController.swift */; };
		121E13E02859FC550044B585 /* SearchController.swift in Sources */ = {isa = PBXBuildFile; fileRef = 121E13DF2859FC550044B585 /* SearchController.swift */; };
		121E13E3285A152A0044B585 /* MainCollectionViewCell.swift in Sources */ = {isa = PBXBuildFile; fileRef = 121E13E2285A15290044B585 /* MainCollectionViewCell.swift */; };
		121E13E5285A15820044B585 /* MainTabCollectionViewCell.swift in Sources */ = {isa = PBXBuildFile; fileRef = 121E13E4285A15810044B585 /* MainTabCollectionViewCell.swift */; };
		121E13EA285A24070044B585 /* MainTabBarController.swift in Sources */ = {isa = PBXBuildFile; fileRef = 121E13E9285A24070044B585 /* MainTabBarController.swift */; };
		121E13ED285A2A740044B585 /* HeaderCollectionReusableView.swift in Sources */ = {isa = PBXBuildFile; fileRef = 121E13EC285A2A740044B585 /* HeaderCollectionReusableView.swift */; };
		121E13F0285A2CCE0044B585 /* Extensions.swift in Sources */ = {isa = PBXBuildFile; fileRef = 121E13EF285A2CCE0044B585 /* Extensions.swift */; };
		121E13F3285A2D7D0044B585 /* Photo.swift in Sources */ = {isa = PBXBuildFile; fileRef = 121E13F2285A2D7D0044B585 /* Photo.swift */; };
/* End PBXBuildFile section */

/* Begin PBXFileReference section */
		121E13B42859B4600044B585 /* CollectionView-HW-14-iOS05.app */ = {isa = PBXFileReference; explicitFileType = wrapper.application; includeInIndex = 0; path = "CollectionView-HW-14-iOS05.app"; sourceTree = BUILT_PRODUCTS_DIR; };
		121E13B72859B4600044B585 /* AppDelegate.swift */ = {isa = PBXFileReference; lastKnownFileType = sourcecode.swift; path = AppDelegate.swift; sourceTree = "<group>"; };
		121E13BB2859B4600044B585 /* MainViewController.swift */ = {isa = PBXFileReference; lastKnownFileType = sourcecode.swift; path = MainViewController.swift; sourceTree = "<group>"; };
		121E13C12859B4600044B585 /* CollectionView_HW_14_iOS05.xcdatamodel */ = {isa = PBXFileReference; lastKnownFileType = wrapper.xcdatamodel; path = CollectionView_HW_14_iOS05.xcdatamodel; sourceTree = "<group>"; };
		121E13C32859B4720044B585 /* Assets.xcassets */ = {isa = PBXFileReference; lastKnownFileType = folder.assetcatalog; path = Assets.xcassets; sourceTree = "<group>"; };
		121E13C62859B4720044B585 /* Base */ = {isa = PBXFileReference; lastKnownFileType = file.storyboard; name = Base; path = Base.lproj/LaunchScreen.storyboard; sourceTree = "<group>"; };
		121E13C82859B4720044B585 /* Info.plist */ = {isa = PBXFileReference; lastKnownFileType = text.plist.xml; path = Info.plist; sourceTree = "<group>"; };
		121E13CF2859B9CF0044B585 /* Model.swift */ = {isa = PBXFileReference; lastKnownFileType = sourcecode.swift; path = Model.swift; sourceTree = "<group>"; };
		121E13DB2859FC180044B585 /* MediaController.swift */ = {isa = PBXFileReference; lastKnownFileType = sourcecode.swift; path = MediaController.swift; sourceTree = "<group>"; };
		121E13DD2859FC3D0044B585 /* OfferController.swift */ = {isa = PBXFileReference; lastKnownFileType = sourcecode.swift; path = OfferController.swift; sourceTree = "<group>"; };
		121E13DF2859FC550044B585 /* SearchController.swift */ = {isa = PBXFileReference; lastKnownFileType = sourcecode.swift; path = SearchController.swift; sourceTree = "<group>"; };
		121E13E2285A15290044B585 /* MainCollectionViewCell.swift */ = {isa = PBXFileReference; lastKnownFileType = sourcecode.swift; path = MainCollectionViewCell.swift; sourceTree = "<group>"; };
		121E13E4285A15810044B585 /* MainTabCollectionViewCell.swift */ = {isa = PBXFileReference; lastKnownFileType = sourcecode.swift; path = MainTabCollectionViewCell.swift; sourceTree = "<group>"; };
		121E13E9285A24070044B585 /* MainTabBarController.swift */ = {isa = PBXFileReference; lastKnownFileType = sourcecode.swift; path = MainTabBarController.swift; sourceTree = "<group>"; };
		121E13EC285A2A740044B585 /* HeaderCollectionReusableView.swift */ = {isa = PBXFileReference; lastKnownFileType = sourcecode.swift; path = HeaderCollectionReusableView.swift; sourceTree = "<group>"; };
		121E13EF285A2CCE0044B585 /* Extensions.swift */ = {isa = PBXFileReference; lastKnownFileType = sourcecode.swift; path = Extensions.swift; sourceTree = "<group>"; };
		121E13F2285A2D7D0044B585 /* Photo.swift */ = {isa = PBXFileReference; lastKnownFileType = sourcecode.swift; path = Photo.swift; sourceTree = "<group>"; };
/* End PBXFileReference section */

/* Begin PBXFrameworksBuildPhase section */
		121E13B12859B4600044B585 /* Frameworks */ = {
			isa = PBXFrameworksBuildPhase;
			buildActionMask = 2147483647;
			files = (
			);
			runOnlyForDeploymentPostprocessing = 0;
		};
/* End PBXFrameworksBuildPhase section */

/* Begin PBXGroup section */
		121E13AB2859B4600044B585 = {
			isa = PBXGroup;
			children = (
				121E13B62859B4600044B585 /* CollectionView-HW-14-iOS05 */,
				121E13B52859B4600044B585 /* Products */,
			);
			sourceTree = "<group>";
		};
		121E13B52859B4600044B585 /* Products */ = {
			isa = PBXGroup;
			children = (
				121E13B42859B4600044B585 /* CollectionView-HW-14-iOS05.app */,
			);
			name = Products;
			sourceTree = "<group>";
		};
		121E13B62859B4600044B585 /* CollectionView-HW-14-iOS05 */ = {
			isa = PBXGroup;
			children = (
				121E13D12859BD910044B585 /* Resources */,
				121E13D42859C1400044B585 /* Sourse */,
				121E13C02859B4600044B585 /* CollectionView_HW_14_iOS05.xcdatamodeld */,
			);
			path = "CollectionView-HW-14-iOS05";
			sourceTree = "<group>";
		};
		121E13CE2859B9A50044B585 /* Model */ = {
			isa = PBXGroup;
			children = (
				121E13CF2859B9CF0044B585 /* Model.swift */,
			);
			path = Model;
			sourceTree = "<group>";
		};
		121E13D12859BD910044B585 /* Resources */ = {
			isa = PBXGroup;
			children = (
				121E13D32859BDBE0044B585 /* Config */,
				121E13D22859BDAA0044B585 /* Storybord */,
			);
			path = Resources;
			sourceTree = "<group>";
		};
		121E13D22859BDAA0044B585 /* Storybord */ = {
			isa = PBXGroup;
			children = (
				121E13C52859B4720044B585 /* LaunchScreen.storyboard */,
				121E13C32859B4720044B585 /* Assets.xcassets */,
			);
			path = Storybord;
			sourceTree = "<group>";
		};
		121E13D32859BDBE0044B585 /* Config */ = {
			isa = PBXGroup;
			children = (
				121E13C82859B4720044B585 /* Info.plist */,
			);
			path = Config;
			sourceTree = "<group>";
		};
		121E13D42859C1400044B585 /* Sourse */ = {
			isa = PBXGroup;
			children = (
				121E13EE285A2CB50044B585 /* Extensions */,
				121E13EB285A2A440044B585 /* HeaderCollectionView */,
				121E13E8285A22ED0044B585 /* MainTabBarController */,
				121E13E7285A22920044B585 /* Main */,
				121E13CE2859B9A50044B585 /* Model */,
				121E13E1285A14F40044B585 /* CollectionCell */,
				121E13DA2859FBEB0044B585 /* AlbumControllers */,
				121E13E6285A1BCF0044B585 /* App */,
			);
			path = Sourse;
			sourceTree = "<group>";
		};
		121E13D52859C15B0044B585 /* MainTableCollectionViewCell */ = {
			isa = PBXGroup;
			children = (
				121E13E4285A15810044B585 /* MainTabCollectionViewCell.swift */,
			);
			path = MainTableCollectionViewCell;
			sourceTree = "<group>";
		};
		121E13D62859C19C0044B585 /* MainViewController */ = {
			isa = PBXGroup;
			children = (
				121E13BB2859B4600044B585 /* MainViewController.swift */,
				121E13F1285A2D660044B585 /* Fhoto */,
			);
			path = MainViewController;
			sourceTree = "<group>";
		};
		121E13DA2859FBEB0044B585 /* AlbumControllers */ = {
			isa = PBXGroup;
			children = (
				121E13DB2859FC180044B585 /* MediaController.swift */,
				121E13DD2859FC3D0044B585 /* OfferController.swift */,
				121E13DF2859FC550044B585 /* SearchController.swift */,
			);
			path = AlbumControllers;
			sourceTree = "<group>";
		};
		121E13E1285A14F40044B585 /* CollectionCell */ = {
			isa = PBXGroup;
			children = (
				121E13E2285A15290044B585 /* MainCollectionViewCell.swift */,
			);
			path = CollectionCell;
			sourceTree = "<group>";
		};
		121E13E6285A1BCF0044B585 /* App */ = {
			isa = PBXGroup;
			children = (
				121E13B72859B4600044B585 /* AppDelegate.swift */,
			);
			path = App;
			sourceTree = "<group>";
		};
		121E13E7285A22920044B585 /* Main */ = {
			isa = PBXGroup;
			children = (
				121E13D52859C15B0044B585 /* MainTableCollectionViewCell */,
				121E13D62859C19C0044B585 /* MainViewController */,
			);
			path = Main;
			sourceTree = "<group>";
		};
		121E13E8285A22ED0044B585 /* MainTabBarController */ = {
			isa = PBXGroup;
			children = (
				121E13E9285A24070044B585 /* MainTabBarController.swift */,
			);
			path = MainTabBarController;
			sourceTree = "<group>";
		};
		121E13EB285A2A440044B585 /* HeaderCollectionView */ = {
			isa = PBXGroup;
			children = (
				121E13EC285A2A740044B585 /* HeaderCollectionReusableView.swift */,
			);
			path = HeaderCollectionView;
			sourceTree = "<group>";
		};
		121E13EE285A2CB50044B585 /* Extensions */ = {
			isa = PBXGroup;
			children = (
				121E13EF285A2CCE0044B585 /* Extensions.swift */,
			);
			path = Extensions;
			sourceTree = "<group>";
		};
		121E13F1285A2D660044B585 /* Fhoto */ = {
			isa = PBXGroup;
			children = (
				121E13F2285A2D7D0044B585 /* Photo.swift */,
			);
			path = Fhoto;
			sourceTree = "<group>";
		};
/* End PBXGroup section */

/* Begin PBXNativeTarget section */
		121E13B32859B4600044B585 /* CollectionView-HW-14-iOS05 */ = {
			isa = PBXNativeTarget;
			buildConfigurationList = 121E13CB2859B4720044B585 /* Build configuration list for PBXNativeTarget "CollectionView-HW-14-iOS05" */;
			buildPhases = (
				121E13B02859B4600044B585 /* Sources */,
				121E13B12859B4600044B585 /* Frameworks */,
				121E13B22859B4600044B585 /* Resources */,
			);
			buildRules = (
			);
			dependencies = (
			);
			name = "CollectionView-HW-14-iOS05";
			productName = "CollectionView-HW-14-iOS05";
			productReference = 121E13B42859B4600044B585 /* CollectionView-HW-14-iOS05.app */;
			productType = "com.apple.product-type.application";
		};
/* End PBXNativeTarget section */

/* Begin PBXProject section */
		121E13AC2859B4600044B585 /* Project object */ = {
			isa = PBXProject;
			attributes = {
				BuildIndependentTargetsInParallel = 1;
				LastSwiftUpdateCheck = 1340;
				LastUpgradeCheck = 1340;
				TargetAttributes = {
					121E13B32859B4600044B585 = {
						CreatedOnToolsVersion = 13.4.1;
					};
				};
			};
			buildConfigurationList = 121E13AF2859B4600044B585 /* Build configuration list for PBXProject "CollectionView-HW-14-iOS05" */;
			compatibilityVersion = "Xcode 13.0";
			developmentRegion = en;
			hasScannedForEncodings = 0;
			knownRegions = (
				en,
				Base,
			);
			mainGroup = 121E13AB2859B4600044B585;
			productRefGroup = 121E13B52859B4600044B585 /* Products */;
			projectDirPath = "";
			projectRoot = "";
			targets = (
				121E13B32859B4600044B585 /* CollectionView-HW-14-iOS05 */,
			);
		};
/* End PBXProject section */

/* Begin PBXResourcesBuildPhase section */
		121E13B22859B4600044B585 /* Resources */ = {
			isa = PBXResourcesBuildPhase;
			buildActionMask = 2147483647;
			files = (
				121E13C72859B4720044B585 /* LaunchScreen.storyboard in Resources */,
				121E13C42859B4720044B585 /* Assets.xcassets in Resources */,
			);
			runOnlyForDeploymentPostprocessing = 0;
		};
/* End PBXResourcesBuildPhase section */

/* Begin PBXSourcesBuildPhase section */
		121E13B02859B4600044B585 /* Sources */ = {
			isa = PBXSourcesBuildPhase;
			buildActionMask = 2147483647;
			files = (
				121E13DC2859FC180044B585 /* MediaController.swift in Sources */,
				121E13E3285A152A0044B585 /* MainCollectionViewCell.swift in Sources */,
				121E13EA285A24070044B585 /* MainTabBarController.swift in Sources */,
				121E13DE2859FC3D0044B585 /* OfferController.swift in Sources */,
				121E13ED285A2A740044B585 /* HeaderCollectionReusableView.swift in Sources */,
				121E13BC2859B4600044B585 /* MainViewController.swift in Sources */,
				121E13F3285A2D7D0044B585 /* Photo.swift in Sources */,
				121E13E02859FC550044B585 /* SearchController.swift in Sources */,
				121E13F0285A2CCE0044B585 /* Extensions.swift in Sources */,
				121E13B82859B4600044B585 /* AppDelegate.swift in Sources */,
				121E13C22859B4600044B585 /* CollectionView_HW_14_iOS05.xcdatamodeld in Sources */,
				121E13D02859B9CF0044B585 /* Model.swift in Sources */,
				121E13E5285A15820044B585 /* MainTabCollectionViewCell.swift in Sources */,
			);
			runOnlyForDeploymentPostprocessing = 0;
		};
/* End PBXSourcesBuildPhase section */

/* Begin PBXVariantGroup section */
		121E13C52859B4720044B585 /* LaunchScreen.storyboard */ = {
			isa = PBXVariantGroup;
			children = (
				121E13C62859B4720044B585 /* Base */,
			);
			name = LaunchScreen.storyboard;
			sourceTree = "<group>";
		};
/* End PBXVariantGroup section */

/* Begin XCBuildConfiguration section */
		121E13C92859B4720044B585 /* Debug */ = {
			isa = XCBuildConfiguration;
			buildSettings = {
				ALWAYS_SEARCH_USER_PATHS = NO;
				CLANG_ANALYZER_NONNULL = YES;
				CLANG_ANALYZER_NUMBER_OBJECT_CONVERSION = YES_AGGRESSIVE;
				CLANG_CXX_LANGUAGE_STANDARD = "gnu++17";
				CLANG_ENABLE_MODULES = YES;
				CLANG_ENABLE_OBJC_ARC = YES;
				CLANG_ENABLE_OBJC_WEAK = YES;
				CLANG_WARN_BLOCK_CAPTURE_AUTORELEASING = YES;
				CLANG_WARN_BOOL_CONVERSION = YES;
				CLANG_WARN_COMMA = YES;
				CLANG_WARN_CONSTANT_CONVERSION = YES;
				CLANG_WARN_DEPRECATED_OBJC_IMPLEMENTATIONS = YES;
				CLANG_WARN_DIRECT_OBJC_ISA_USAGE = YES_ERROR;
				CLANG_WARN_DOCUMENTATION_COMMENTS = YES;
				CLANG_WARN_EMPTY_BODY = YES;
				CLANG_WARN_ENUM_CONVERSION = YES;
				CLANG_WARN_INFINITE_RECURSION = YES;
				CLANG_WARN_INT_CONVERSION = YES;
				CLANG_WARN_NON_LITERAL_NULL_CONVERSION = YES;
				CLANG_WARN_OBJC_IMPLICIT_RETAIN_SELF = YES;
				CLANG_WARN_OBJC_LITERAL_CONVERSION = YES;
				CLANG_WARN_OBJC_ROOT_CLASS = YES_ERROR;
				CLANG_WARN_QUOTED_INCLUDE_IN_FRAMEWORK_HEADER = YES;
				CLANG_WARN_RANGE_LOOP_ANALYSIS = YES;
				CLANG_WARN_STRICT_PROTOTYPES = YES;
				CLANG_WARN_SUSPICIOUS_MOVE = YES;
				CLANG_WARN_UNGUARDED_AVAILABILITY = YES_AGGRESSIVE;
				CLANG_WARN_UNREACHABLE_CODE = YES;
				CLANG_WARN__DUPLICATE_METHOD_MATCH = YES;
				COPY_PHASE_STRIP = NO;
				DEBUG_INFORMATION_FORMAT = dwarf;
				ENABLE_STRICT_OBJC_MSGSEND = YES;
				ENABLE_TESTABILITY = YES;
				GCC_C_LANGUAGE_STANDARD = gnu11;
				GCC_DYNAMIC_NO_PIC = NO;
				GCC_NO_COMMON_BLOCKS = YES;
				GCC_OPTIMIZATION_LEVEL = 0;
				GCC_PREPROCESSOR_DEFINITIONS = (
					"DEBUG=1",
					"$(inherited)",
				);
				GCC_WARN_64_TO_32_BIT_CONVERSION = YES;
				GCC_WARN_ABOUT_RETURN_TYPE = YES_ERROR;
				GCC_WARN_UNDECLARED_SELECTOR = YES;
				GCC_WARN_UNINITIALIZED_AUTOS = YES_AGGRESSIVE;
				GCC_WARN_UNUSED_FUNCTION = YES;
				GCC_WARN_UNUSED_VARIABLE = YES;
				IPHONEOS_DEPLOYMENT_TARGET = 15.5;
				MTL_ENABLE_DEBUG_INFO = INCLUDE_SOURCE;
				MTL_FAST_MATH = YES;
				ONLY_ACTIVE_ARCH = YES;
				SDKROOT = iphoneos;
				SWIFT_ACTIVE_COMPILATION_CONDITIONS = DEBUG;
				SWIFT_OPTIMIZATION_LEVEL = "-Onone";
			};
			name = Debug;
		};
		121E13CA2859B4720044B585 /* Release */ = {
			isa = XCBuildConfiguration;
			buildSettings = {
				ALWAYS_SEARCH_USER_PATHS = NO;
				CLANG_ANALYZER_NONNULL = YES;
				CLANG_ANALYZER_NUMBER_OBJECT_CONVERSION = YES_AGGRESSIVE;
				CLANG_CXX_LANGUAGE_STANDARD = "gnu++17";
				CLANG_ENABLE_MODULES = YES;
				CLANG_ENABLE_OBJC_ARC = YES;
				CLANG_ENABLE_OBJC_WEAK = YES;
				CLANG_WARN_BLOCK_CAPTURE_AUTORELEASING = YES;
				CLANG_WARN_BOOL_CONVERSION = YES;
				CLANG_WARN_COMMA = YES;
				CLANG_WARN_CONSTANT_CONVERSION = YES;
				CLANG_WARN_DEPRECATED_OBJC_IMPLEMENTATIONS = YES;
				CLANG_WARN_DIRECT_OBJC_ISA_USAGE = YES_ERROR;
				CLANG_WARN_DOCUMENTATION_COMMENTS = YES;
				CLANG_WARN_EMPTY_BODY = YES;
				CLANG_WARN_ENUM_CONVERSION = YES;
				CLANG_WARN_INFINITE_RECURSION = YES;
				CLANG_WARN_INT_CONVERSION = YES;
				CLANG_WARN_NON_LITERAL_NULL_CONVERSION = YES;
				CLANG_WARN_OBJC_IMPLICIT_RETAIN_SELF = YES;
				CLANG_WARN_OBJC_LITERAL_CONVERSION = YES;
				CLANG_WARN_OBJC_ROOT_CLASS = YES_ERROR;
				CLANG_WARN_QUOTED_INCLUDE_IN_FRAMEWORK_HEADER = YES;
				CLANG_WARN_RANGE_LOOP_ANALYSIS = YES;
				CLANG_WARN_STRICT_PROTOTYPES = YES;
				CLANG_WARN_SUSPICIOUS_MOVE = YES;
				CLANG_WARN_UNGUARDED_AVAILABILITY = YES_AGGRESSIVE;
				CLANG_WARN_UNREACHABLE_CODE = YES;
				CLANG_WARN__DUPLICATE_METHOD_MATCH = YES;
				COPY_PHASE_STRIP = NO;
				DEBUG_INFORMATION_FORMAT = "dwarf-with-dsym";
				ENABLE_NS_ASSERTIONS = NO;
				ENABLE_STRICT_OBJC_MSGSEND = YES;
				GCC_C_LANGUAGE_STANDARD = gnu11;
				GCC_NO_COMMON_BLOCKS = YES;
				GCC_WARN_64_TO_32_BIT_CONVERSION = YES;
				GCC_WARN_ABOUT_RETURN_TYPE = YES_ERROR;
				GCC_WARN_UNDECLARED_SELECTOR = YES;
				GCC_WARN_UNINITIALIZED_AUTOS = YES_AGGRESSIVE;
				GCC_WARN_UNUSED_FUNCTION = YES;
				GCC_WARN_UNUSED_VARIABLE = YES;
				IPHONEOS_DEPLOYMENT_TARGET = 15.5;
				MTL_ENABLE_DEBUG_INFO = NO;
				MTL_FAST_MATH = YES;
				SDKROOT = iphoneos;
				SWIFT_COMPILATION_MODE = wholemodule;
				SWIFT_OPTIMIZATION_LEVEL = "-O";
				VALIDATE_PRODUCT = YES;
			};
			name = Release;
		};
		121E13CC2859B4720044B585 /* Debug */ = {
			isa = XCBuildConfiguration;
			buildSettings = {
				ASSETCATALOG_COMPILER_APPICON_NAME = AppIcon;
				ASSETCATALOG_COMPILER_GLOBAL_ACCENT_COLOR_NAME = AccentColor;
				CODE_SIGN_STYLE = Automatic;
				CURRENT_PROJECT_VERSION = 1;
				GENERATE_INFOPLIST_FILE = YES;
				INFOPLIST_FILE = "CollectionView-HW-14-iOS05/Resources/Config/Info.plist";
				INFOPLIST_KEY_UIApplicationSupportsIndirectInputEvents = YES;
				INFOPLIST_KEY_UILaunchStoryboardName = LaunchScreen;
				INFOPLIST_KEY_UIMainStoryboardFile = LaunchScreen;
				INFOPLIST_KEY_UISupportedInterfaceOrientations = UIInterfaceOrientationPortrait;
				INFOPLIST_KEY_UISupportedInterfaceOrientations_iPad = "UIInterfaceOrientationPortrait UIInterfaceOrientationPortraitUpsideDown UIInterfaceOrientationLandscapeLeft UIInterfaceOrientationLandscapeRight";
				INFOPLIST_KEY_UISupportedInterfaceOrientations_iPhone = "UIInterfaceOrientationPortrait UIInterfaceOrientationLandscapeLeft UIInterfaceOrientationLandscapeRight";
				IPHONEOS_DEPLOYMENT_TARGET = 13.0;
				LD_RUNPATH_SEARCH_PATHS = (
					"$(inherited)",
					"@executable_path/Frameworks",
				);
				MARKETING_VERSION = 1.0;
				PRODUCT_BUNDLE_IDENTIFIER = "Pavel-Abramov.CollectionView-HW-14-iOS05";
				PRODUCT_NAME = "$(TARGET_NAME)";
				SWIFT_EMIT_LOC_STRINGS = YES;
				SWIFT_VERSION = 5.0;
				TARGETED_DEVICE_FAMILY = 1;
			};
			name = Debug;
		};
		121E13CD2859B4720044B585 /* Release */ = {
			isa = XCBuildConfiguration;
			buildSettings = {
				ASSETCATALOG_COMPILER_APPICON_NAME = AppIcon;
				ASSETCATALOG_COMPILER_GLOBAL_ACCENT_COLOR_NAME = AccentColor;
				CODE_SIGN_STYLE = Automatic;
				CURRENT_PROJECT_VERSION = 1;
				GENERATE_INFOPLIST_FILE = YES;
				INFOPLIST_FILE = "CollectionView-HW-14-iOS05/Resources/Config/Info.plist";
				INFOPLIST_KEY_UIApplicationSupportsIndirectInputEvents = YES;
				INFOPLIST_KEY_UILaunchStoryboardName = LaunchScreen;
				INFOPLIST_KEY_UIMainStoryboardFile = LaunchScreen;
				INFOPLIST_KEY_UISupportedInterfaceOrientations = UIInterfaceOrientationPortrait;
				INFOPLIST_KEY_UISupportedInterfaceOrientations_iPad = "UIInterfaceOrientationPortrait UIInterfaceOrientationPortraitUpsideDown UIInterfaceOrientationLandscapeLeft UIInterfaceOrientationLandscapeRight";
				INFOPLIST_KEY_UISupportedInterfaceOrientations_iPhone = "UIInterfaceOrientationPortrait UIInterfaceOrientationLandscapeLeft UIInterfaceOrientationLandscapeRight";
				IPHONEOS_DEPLOYMENT_TARGET = 13.0;
				LD_RUNPATH_SEARCH_PATHS = (
					"$(inherited)",
					"@executable_path/Frameworks",
				);
				MARKETING_VERSION = 1.0;
				PRODUCT_BUNDLE_IDENTIFIER = "Pavel-Abramov.CollectionView-HW-14-iOS05";
				PRODUCT_NAME = "$(TARGET_NAME)";
				SWIFT_EMIT_LOC_STRINGS = YES;
				SWIFT_VERSION = 5.0;
				TARGETED_DEVICE_FAMILY = 1;
			};
			name = Release;
		};
/* End XCBuildConfiguration section */

/* Begin XCConfigurationList section */
		121E13AF2859B4600044B585 /* Build configuration list for PBXProject "CollectionView-HW-14-iOS05" */ = {
			isa = XCConfigurationList;
			buildConfigurations = (
				121E13C92859B4720044B585 /* Debug */,
				121E13CA2859B4720044B585 /* Release */,
			);
			defaultConfigurationIsVisible = 0;
			defaultConfigurationName = Release;
		};
		121E13CB2859B4720044B585 /* Build configuration list for PBXNativeTarget "CollectionView-HW-14-iOS05" */ = {
			isa = XCConfigurationList;
			buildConfigurations = (
				121E13CC2859B4720044B585 /* Debug */,
				121E13CD2859B4720044B585 /* Release */,
			);
			defaultConfigurationIsVisible = 0;
			defaultConfigurationName = Release;
		};
/* End XCConfigurationList section */

/* Begin XCVersionGroup section */
		121E13C02859B4600044B585 /* CollectionView_HW_14_iOS05.xcdatamodeld */ = {
			isa = XCVersionGroup;
			children = (
				121E13C12859B4600044B585 /* CollectionView_HW_14_iOS05.xcdatamodel */,
			);
			currentVersion = 121E13C12859B4600044B585 /* CollectionView_HW_14_iOS05.xcdatamodel */;
			path = CollectionView_HW_14_iOS05.xcdatamodeld;
			sourceTree = "<group>";
			versionGroupType = wrapper.xcdatamodel;
		};
/* End XCVersionGroup section */
	};
	rootObject = 121E13AC2859B4600044B585 /* Project object */;
}
